// !$*UTF8*$!
{
	archiveVersion = 1;
	classes = {
	};
	objectVersion = 56;
	objects = {

/* Begin PBXBuildFile section */
		770268F32BB40E4F00A0BE8B /* InteractiveSideMenuApp.swift in Sources */ = {isa = PBXBuildFile; fileRef = 770268F22BB40E4F00A0BE8B /* InteractiveSideMenuApp.swift */; };
		770268F52BB40E4F00A0BE8B /* ContentView.swift in Sources */ = {isa = PBXBuildFile; fileRef = 770268F42BB40E4F00A0BE8B /* ContentView.swift */; };
		770268F72BB40E5100A0BE8B /* Assets.xcassets in Resources */ = {isa = PBXBuildFile; fileRef = 770268F62BB40E5100A0BE8B /* Assets.xcassets */; };
		770268FA2BB40E5100A0BE8B /* Preview Assets.xcassets in Resources */ = {isa = PBXBuildFile; fileRef = 770268F92BB40E5100A0BE8B /* Preview Assets.xcassets */; };
		770269052BB40EF800A0BE8B /* AnimatedSideBar.swift in Sources */ = {isa = PBXBuildFile; fileRef = 770269042BB40EF800A0BE8B /* AnimatedSideBar.swift */; };
		770269082BB414D100A0BE8B /* SafeAreaInsets+Ext.swift in Sources */ = {isa = PBXBuildFile; fileRef = 770269072BB414D100A0BE8B /* SafeAreaInsets+Ext.swift */; };
		7702690A2BB4276500A0BE8B /* SafeAreaInsetsView.swift in Sources */ = {isa = PBXBuildFile; fileRef = 770269092BB4276500A0BE8B /* SafeAreaInsetsView.swift */; };
/* End PBXBuildFile section */

/* Begin PBXFileReference section */
		770268EF2BB40E4F00A0BE8B /* InteractiveSideMenu.app */ = {isa = PBXFileReference; explicitFileType = wrapper.application; includeInIndex = 0; path = InteractiveSideMenu.app; sourceTree = BUILT_PRODUCTS_DIR; };
		770268F22BB40E4F00A0BE8B /* InteractiveSideMenuApp.swift */ = {isa = PBXFileReference; lastKnownFileType = sourcecode.swift; path = InteractiveSideMenuApp.swift; sourceTree = "<group>"; };
		770268F42BB40E4F00A0BE8B /* ContentView.swift */ = {isa = PBXFileReference; lastKnownFileType = sourcecode.swift; path = ContentView.swift; sourceTree = "<group>"; };
		770268F62BB40E5100A0BE8B /* Assets.xcassets */ = {isa = PBXFileReference; lastKnownFileType = folder.assetcatalog; path = Assets.xcassets; sourceTree = "<group>"; };
		770268F92BB40E5100A0BE8B /* Preview Assets.xcassets */ = {isa = PBXFileReference; lastKnownFileType = folder.assetcatalog; path = "Preview Assets.xcassets"; sourceTree = "<group>"; };
		770269042BB40EF800A0BE8B /* AnimatedSideBar.swift */ = {isa = PBXFileReference; lastKnownFileType = sourcecode.swift; path = AnimatedSideBar.swift; sourceTree = "<group>"; };
		770269072BB414D100A0BE8B /* SafeAreaInsets+Ext.swift */ = {isa = PBXFileReference; lastKnownFileType = sourcecode.swift; path = "SafeAreaInsets+Ext.swift"; sourceTree = "<group>"; };
		770269092BB4276500A0BE8B /* SafeAreaInsetsView.swift */ = {isa = PBXFileReference; lastKnownFileType = sourcecode.swift; path = SafeAreaInsetsView.swift; sourceTree = "<group>"; };
/* End PBXFileReference section */

/* Begin PBXFrameworksBuildPhase section */
		770268EC2BB40E4F00A0BE8B /* Frameworks */ = {
			isa = PBXFrameworksBuildPhase;
			buildActionMask = 2147483647;
			files = (
			);
			runOnlyForDeploymentPostprocessing = 0;
		};
/* End PBXFrameworksBuildPhase section */

/* Begin PBXGroup section */
		770268E62BB40E4F00A0BE8B = {
			isa = PBXGroup;
			children = (
				770268F12BB40E4F00A0BE8B /* InteractiveSideMenu */,
				770268F02BB40E4F00A0BE8B /* Products */,
			);
			sourceTree = "<group>";
		};
		770268F02BB40E4F00A0BE8B /* Products */ = {
			isa = PBXGroup;
			children = (
				770268EF2BB40E4F00A0BE8B /* InteractiveSideMenu.app */,
			);
			name = Products;
			sourceTree = "<group>";
		};
		770268F12BB40E4F00A0BE8B /* InteractiveSideMenu */ = {
			isa = PBXGroup;
			children = (
				770269002BB40E9F00A0BE8B /* App */,
				770269032BB40EC400A0BE8B /* Helpers */,
				770269022BB40EAF00A0BE8B /* Views */,
				770269012BB40EA700A0BE8B /* Supporting Files */,
				770268F82BB40E5100A0BE8B /* Preview Content */,
			);
			path = InteractiveSideMenu;
			sourceTree = "<group>";
		};
		770268F82BB40E5100A0BE8B /* Preview Content */ = {
			isa = PBXGroup;
			children = (
				770268F92BB40E5100A0BE8B /* Preview Assets.xcassets */,
			);
			path = "Preview Content";
			sourceTree = "<group>";
		};
		770269002BB40E9F00A0BE8B /* App */ = {
			isa = PBXGroup;
			children = (
				770268F22BB40E4F00A0BE8B /* InteractiveSideMenuApp.swift */,
			);
			path = App;
			sourceTree = "<group>";
		};
		770269012BB40EA700A0BE8B /* Supporting Files */ = {
			isa = PBXGroup;
			children = (
				770268F62BB40E5100A0BE8B /* Assets.xcassets */,
			);
			path = "Supporting Files";
			sourceTree = "<group>";
		};
		770269022BB40EAF00A0BE8B /* Views */ = {
			isa = PBXGroup;
			children = (
				770268F42BB40E4F00A0BE8B /* ContentView.swift */,
				770269092BB4276500A0BE8B /* SafeAreaInsetsView.swift */,
			);
			path = Views;
			sourceTree = "<group>";
		};
		770269032BB40EC400A0BE8B /* Helpers */ = {
			isa = PBXGroup;
			children = (
				770269062BB414BF00A0BE8B /* Extensions */,
				770269042BB40EF800A0BE8B /* AnimatedSideBar.swift */,
			);
			path = Helpers;
			sourceTree = "<group>";
		};
		770269062BB414BF00A0BE8B /* Extensions */ = {
			isa = PBXGroup;
			children = (
				770269072BB414D100A0BE8B /* SafeAreaInsets+Ext.swift */,
			);
			path = Extensions;
			sourceTree = "<group>";
		};
/* End PBXGroup section */

/* Begin PBXNativeTarget section */
		770268EE2BB40E4F00A0BE8B /* InteractiveSideMenu */ = {
			isa = PBXNativeTarget;
			buildConfigurationList = 770268FD2BB40E5100A0BE8B /* Build configuration list for PBXNativeTarget "InteractiveSideMenu" */;
			buildPhases = (
				770268EB2BB40E4F00A0BE8B /* Sources */,
				770268EC2BB40E4F00A0BE8B /* Frameworks */,
				770268ED2BB40E4F00A0BE8B /* Resources */,
			);
			buildRules = (
			);
			dependencies = (
			);
			name = InteractiveSideMenu;
			productName = InteractiveSideMenu;
			productReference = 770268EF2BB40E4F00A0BE8B /* InteractiveSideMenu.app */;
			productType = "com.apple.product-type.application";
		};
/* End PBXNativeTarget section */

/* Begin PBXProject section */
		770268E72BB40E4F00A0BE8B /* Project object */ = {
			isa = PBXProject;
			attributes = {
				BuildIndependentTargetsInParallel = 1;
				LastSwiftUpdateCheck = 1510;
				LastUpgradeCheck = 1510;
				TargetAttributes = {
					770268EE2BB40E4F00A0BE8B = {
						CreatedOnToolsVersion = 15.1;
					};
				};
			};
			buildConfigurationList = 770268EA2BB40E4F00A0BE8B /* Build configuration list for PBXProject "InteractiveSideMenu" */;
			compatibilityVersion = "Xcode 14.0";
			developmentRegion = en;
			hasScannedForEncodings = 0;
			knownRegions = (
				en,
				Base,
			);
			mainGroup = 770268E62BB40E4F00A0BE8B;
			productRefGroup = 770268F02BB40E4F00A0BE8B /* Products */;
			projectDirPath = "";
			projectRoot = "";
			targets = (
				770268EE2BB40E4F00A0BE8B /* InteractiveSideMenu */,
			);
		};
/* End PBXProject section */

/* Begin PBXResourcesBuildPhase section */
		770268ED2BB40E4F00A0BE8B /* Resources */ = {
			isa = PBXResourcesBuildPhase;
			buildActionMask = 2147483647;
			files = (
				770268FA2BB40E5100A0BE8B /* Preview Assets.xcassets in Resources */,
				770268F72BB40E5100A0BE8B /* Assets.xcassets in Resources */,
			);
			runOnlyForDeploymentPostprocessing = 0;
		};
/* End PBXResourcesBuildPhase section */

/* Begin PBXSourcesBuildPhase section */
		770268EB2BB40E4F00A0BE8B /* Sources */ = {
			isa = PBXSourcesBuildPhase;
			buildActionMask = 2147483647;
			files = (
				770268F52BB40E4F00A0BE8B /* ContentView.swift in Sources */,
				7702690A2BB4276500A0BE8B /* SafeAreaInsetsView.swift in Sources */,
				770269082BB414D100A0BE8B /* SafeAreaInsets+Ext.swift in Sources */,
				770269052BB40EF800A0BE8B /* AnimatedSideBar.swift in Sources */,
				770268F32BB40E4F00A0BE8B /* InteractiveSideMenuApp.swift in Sources */,
			);
			runOnlyForDeploymentPostprocessing = 0;
		};
/* End PBXSourcesBuildPhase section */

/* Begin XCBuildConfiguration section */
		770268FB2BB40E5100A0BE8B /* Debug */ = {
			isa = XCBuildConfiguration;
			buildSettings = {
				ALWAYS_SEARCH_USER_PATHS = NO;
				ASSETCATALOG_COMPILER_GENERATE_SWIFT_ASSET_SYMBOL_EXTENSIONS = YES;
				CLANG_ANALYZER_NONNULL = YES;
				CLANG_ANALYZER_NUMBER_OBJECT_CONVERSION = YES_AGGRESSIVE;
				CLANG_CXX_LANGUAGE_STANDARD = "gnu++20";
				CLANG_ENABLE_MODULES = YES;
				CLANG_ENABLE_OBJC_ARC = YES;
				CLANG_ENABLE_OBJC_WEAK = YES;
				CLANG_WARN_BLOCK_CAPTURE_AUTORELEASING = YES;
				CLANG_WARN_BOOL_CONVERSION = YES;
				CLANG_WARN_COMMA = YES;
				CLANG_WARN_CONSTANT_CONVERSION = YES;
				CLANG_WARN_DEPRECATED_OBJC_IMPLEMENTATIONS = YES;
				CLANG_WARN_DIRECT_OBJC_ISA_USAGE = YES_ERROR;
				CLANG_WARN_DOCUMENTATION_COMMENTS = YES;
				CLANG_WARN_EMPTY_BODY = YES;
				CLANG_WARN_ENUM_CONVERSION = YES;
				CLANG_WARN_INFINITE_RECURSION = YES;
				CLANG_WARN_INT_CONVERSION = YES;
				CLANG_WARN_NON_LITERAL_NULL_CONVERSION = YES;
				CLANG_WARN_OBJC_IMPLICIT_RETAIN_SELF = YES;
				CLANG_WARN_OBJC_LITERAL_CONVERSION = YES;
				CLANG_WARN_OBJC_ROOT_CLASS = YES_ERROR;
				CLANG_WARN_QUOTED_INCLUDE_IN_FRAMEWORK_HEADER = YES;
				CLANG_WARN_RANGE_LOOP_ANALYSIS = YES;
				CLANG_WARN_STRICT_PROTOTYPES = YES;
				CLANG_WARN_SUSPICIOUS_MOVE = YES;
				CLANG_WARN_UNGUARDED_AVAILABILITY = YES_AGGRESSIVE;
				CLANG_WARN_UNREACHABLE_CODE = YES;
				CLANG_WARN__DUPLICATE_METHOD_MATCH = YES;
				COPY_PHASE_STRIP = NO;
				DEBUG_INFORMATION_FORMAT = dwarf;
				ENABLE_STRICT_OBJC_MSGSEND = YES;
				ENABLE_TESTABILITY = YES;
				ENABLE_USER_SCRIPT_SANDBOXING = YES;
				GCC_C_LANGUAGE_STANDARD = gnu17;
				GCC_DYNAMIC_NO_PIC = NO;
				GCC_NO_COMMON_BLOCKS = YES;
				GCC_OPTIMIZATION_LEVEL = 0;
				GCC_PREPROCESSOR_DEFINITIONS = (
					"DEBUG=1",
					"$(inherited)",
				);
				GCC_WARN_64_TO_32_BIT_CONVERSION = YES;
				GCC_WARN_ABOUT_RETURN_TYPE = YES_ERROR;
				GCC_WARN_UNDECLARED_SELECTOR = YES;
				GCC_WARN_UNINITIALIZED_AUTOS = YES_AGGRESSIVE;
				GCC_WARN_UNUSED_FUNCTION = YES;
				GCC_WARN_UNUSED_VARIABLE = YES;
				IPHONEOS_DEPLOYMENT_TARGET = 17.2;
				LOCALIZATION_PREFERS_STRING_CATALOGS = YES;
				MTL_ENABLE_DEBUG_INFO = INCLUDE_SOURCE;
				MTL_FAST_MATH = YES;
				ONLY_ACTIVE_ARCH = YES;
				SDKROOT = iphoneos;
				SWIFT_ACTIVE_COMPILATION_CONDITIONS = "DEBUG $(inherited)";
				SWIFT_OPTIMIZATION_LEVEL = "-Onone";
			};
			name = Debug;
		};
		770268FC2BB40E5100A0BE8B /* Release */ = {
			isa = XCBuildConfiguration;
			buildSettings = {
				ALWAYS_SEARCH_USER_PATHS = NO;
				ASSETCATALOG_COMPILER_GENERATE_SWIFT_ASSET_SYMBOL_EXTENSIONS = YES;
				CLANG_ANALYZER_NONNULL = YES;
				CLANG_ANALYZER_NUMBER_OBJECT_CONVERSION = YES_AGGRESSIVE;
				CLANG_CXX_LANGUAGE_STANDARD = "gnu++20";
				CLANG_ENABLE_MODULES = YES;
				CLANG_ENABLE_OBJC_ARC = YES;
				CLANG_ENABLE_OBJC_WEAK = YES;
				CLANG_WARN_BLOCK_CAPTURE_AUTORELEASING = YES;
				CLANG_WARN_BOOL_CONVERSION = YES;
				CLANG_WARN_COMMA = YES;
				CLANG_WARN_CONSTANT_CONVERSION = YES;
				CLANG_WARN_DEPRECATED_OBJC_IMPLEMENTATIONS = YES;
				CLANG_WARN_DIRECT_OBJC_ISA_USAGE = YES_ERROR;
				CLANG_WARN_DOCUMENTATION_COMMENTS = YES;
				CLANG_WARN_EMPTY_BODY = YES;
				CLANG_WARN_ENUM_CONVERSION = YES;
				CLANG_WARN_INFINITE_RECURSION = YES;
				CLANG_WARN_INT_CONVERSION = YES;
				CLANG_WARN_NON_LITERAL_NULL_CONVERSION = YES;
				CLANG_WARN_OBJC_IMPLICIT_RETAIN_SELF = YES;
				CLANG_WARN_OBJC_LITERAL_CONVERSION = YES;
				CLANG_WARN_OBJC_ROOT_CLASS = YES_ERROR;
				CLANG_WARN_QUOTED_INCLUDE_IN_FRAMEWORK_HEADER = YES;
				CLANG_WARN_RANGE_LOOP_ANALYSIS = YES;
				CLANG_WARN_STRICT_PROTOTYPES = YES;
				CLANG_WARN_SUSPICIOUS_MOVE = YES;
				CLANG_WARN_UNGUARDED_AVAILABILITY = YES_AGGRESSIVE;
				CLANG_WARN_UNREACHABLE_CODE = YES;
				CLANG_WARN__DUPLICATE_METHOD_MATCH = YES;
				COPY_PHASE_STRIP = NO;
				DEBUG_INFORMATION_FORMAT = "dwarf-with-dsym";
				ENABLE_NS_ASSERTIONS = NO;
				ENABLE_STRICT_OBJC_MSGSEND = YES;
				ENABLE_USER_SCRIPT_SANDBOXING = YES;
				GCC_C_LANGUAGE_STANDARD = gnu17;
				GCC_NO_COMMON_BLOCKS = YES;
				GCC_WARN_64_TO_32_BIT_CONVERSION = YES;
				GCC_WARN_ABOUT_RETURN_TYPE = YES_ERROR;
				GCC_WARN_UNDECLARED_SELECTOR = YES;
				GCC_WARN_UNINITIALIZED_AUTOS = YES_AGGRESSIVE;
				GCC_WARN_UNUSED_FUNCTION = YES;
				GCC_WARN_UNUSED_VARIABLE = YES;
				IPHONEOS_DEPLOYMENT_TARGET = 17.2;
				LOCALIZATION_PREFERS_STRING_CATALOGS = YES;
				MTL_ENABLE_DEBUG_INFO = NO;
				MTL_FAST_MATH = YES;
				SDKROOT = iphoneos;
				SWIFT_COMPILATION_MODE = wholemodule;
				VALIDATE_PRODUCT = YES;
			};
			name = Release;
		};
		770268FE2BB40E5100A0BE8B /* Debug */ = {
			isa = XCBuildConfiguration;
			buildSettings = {
				ASSETCATALOG_COMPILER_APPICON_NAME = AppIcon;
				ASSETCATALOG_COMPILER_GLOBAL_ACCENT_COLOR_NAME = AccentColor;
				CODE_SIGN_STYLE = Automatic;
				CURRENT_PROJECT_VERSION = 1;
				DEVELOPMENT_ASSET_PATHS = "\"InteractiveSideMenu/Preview Content\"";
				DEVELOPMENT_TEAM = M3XYN9T8C8;
				ENABLE_PREVIEWS = YES;
				GENERATE_INFOPLIST_FILE = YES;
				INFOPLIST_KEY_UIApplicationSceneManifest_Generation = YES;
				INFOPLIST_KEY_UIApplicationSupportsIndirectInputEvents = YES;
				INFOPLIST_KEY_UILaunchScreen_Generation = YES;
				INFOPLIST_KEY_UISupportedInterfaceOrientations_iPad = "UIInterfaceOrientationPortrait UIInterfaceOrientationPortraitUpsideDown UIInterfaceOrientationLandscapeLeft UIInterfaceOrientationLandscapeRight";
				INFOPLIST_KEY_UISupportedInterfaceOrientations_iPhone = "UIInterfaceOrientationPortrait UIInterfaceOrientationLandscapeLeft UIInterfaceOrientationLandscapeRight";
				LD_RUNPATH_SEARCH_PATHS = (
					"$(inherited)",
					"@executable_path/Frameworks",
				);
				MARKETING_VERSION = 1.0;
				PRODUCT_BUNDLE_IDENTIFIER = com.vuongphatdat.InteractiveSideMenu;
				PRODUCT_NAME = "$(TARGET_NAME)";
				SWIFT_EMIT_LOC_STRINGS = YES;
				SWIFT_VERSION = 5.0;
				TARGETED_DEVICE_FAMILY = "1,2";
			};
			name = Debug;
		};
		770268FF2BB40E5100A0BE8B /* Release */ = {
			isa = XCBuildConfiguration;
			buildSettings = {
				ASSETCATALOG_COMPILER_APPICON_NAME = AppIcon;
				ASSETCATALOG_COMPILER_GLOBAL_ACCENT_COLOR_NAME = AccentColor;
				CODE_SIGN_STYLE = Automatic;
				CURRENT_PROJECT_VERSION = 1;
				DEVELOPMENT_ASSET_PATHS = "\"InteractiveSideMenu/Preview Content\"";
				DEVELOPMENT_TEAM = M3XYN9T8C8;
				ENABLE_PREVIEWS = YES;
				GENERATE_INFOPLIST_FILE = YES;
				INFOPLIST_KEY_UIApplicationSceneManifest_Generation = YES;
				INFOPLIST_KEY_UIApplicationSupportsIndirectInputEvents = YES;
				INFOPLIST_KEY_UILaunchScreen_Generation = YES;
				INFOPLIST_KEY_UISupportedInterfaceOrientations_iPad = "UIInterfaceOrientationPortrait UIInterfaceOrientationPortraitUpsideDown UIInterfaceOrientationLandscapeLeft UIInterfaceOrientationLandscapeRight";
				INFOPLIST_KEY_UISupportedInterfaceOrientations_iPhone = "UIInterfaceOrientationPortrait UIInterfaceOrientationLandscapeLeft UIInterfaceOrientationLandscapeRight";
				LD_RUNPATH_SEARCH_PATHS = (
					"$(inherited)",
					"@executable_path/Frameworks",
				);
				MARKETING_VERSION = 1.0;
				PRODUCT_BUNDLE_IDENTIFIER = com.vuongphatdat.InteractiveSideMenu;
				PRODUCT_NAME = "$(TARGET_NAME)";
				SWIFT_EMIT_LOC_STRINGS = YES;
				SWIFT_VERSION = 5.0;
				TARGETED_DEVICE_FAMILY = "1,2";
			};
			name = Release;
		};
/* End XCBuildConfiguration section */

/* Begin XCConfigurationList section */
		770268EA2BB40E4F00A0BE8B /* Build configuration list for PBXProject "InteractiveSideMenu" */ = {
			isa = XCConfigurationList;
			buildConfigurations = (
				770268FB2BB40E5100A0BE8B /* Debug */,
				770268FC2BB40E5100A0BE8B /* Release */,
			);
			defaultConfigurationIsVisible = 0;
			defaultConfigurationName = Release;
		};
		770268FD2BB40E5100A0BE8B /* Build configuration list for PBXNativeTarget "InteractiveSideMenu" */ = {
			isa = XCConfigurationList;
			buildConfigurations = (
				770268FE2BB40E5100A0BE8B /* Debug */,
				770268FF2BB40E5100A0BE8B /* Release */,
			);
			defaultConfigurationIsVisible = 0;
			defaultConfigurationName = Release;
		};
/* End XCConfigurationList section */
	};
	rootObject = 770268E72BB40E4F00A0BE8B /* Project object */;
}
